
Microsoft Visual Studio Solution File, Format Version 12.00
# Visual Studio 14
VisualStudioVersion = 14.0.23107.0
MinimumVisualStudioVersion = 10.0.40219.1
Project("{FAE04EC0-301F-11D3-BF4B-00C04F79EFBC}") = "Blackjack", "Blackjack\Blackjack.csproj", "{4246DBA5-7D9C-4AB6-9039-FCD511512D0C}"
EndProject
Project("{FAE04EC0-301F-11D3-BF4B-00C04F79EFBC}") = "UnitTestProject1", "UnitTestProject1\UnitTestProject1.csproj", "{DAB4282F-50B4-4181-92FD-A08FBE28FB83}"
EndProject
Project("{FAE04EC0-301F-11D3-BF4B-00C04F79EFBC}") = "BlackjackServer", "BlackjackServer\BlackjackServer.csproj", "{B6F6112D-335E-4767-B837-974BD24361AB}"
EndProject
Project("{FAE04EC0-301F-11D3-BF4B-00C04F79EFBC}") = "EasyNetwork", "EasyNetwork\EasyNetwork.csproj", "{B334B401-B417-4B74-862E-1FD8709FFA9F}"
EndProject
Global
	GlobalSection(SolutionConfigurationPlatforms) = preSolution
		Debug|Any CPU = Debug|Any CPU
		Release|Any CPU = Release|Any CPU
	EndGlobalSection
	GlobalSection(ProjectConfigurationPlatforms) = postSolution
		{4246DBA5-7D9C-4AB6-9039-FCD511512D0C}.Debug|Any CPU.ActiveCfg = Debug|Any CPU
		{4246DBA5-7D9C-4AB6-9039-FCD511512D0C}.Debug|Any CPU.Build.0 = Debug|Any CPU
		{4246DBA5-7D9C-4AB6-9039-FCD511512D0C}.Release|Any CPU.ActiveCfg = Release|Any CPU
		{4246DBA5-7D9C-4AB6-9039-FCD511512D0C}.Release|Any CPU.Build.0 = Release|Any CPU
		{DAB4282F-50B4-4181-92FD-A08FBE28FB83}.Debug|Any CPU.ActiveCfg = Debug|Any CPU
		{DAB4282F-50B4-4181-92FD-A08FBE28FB83}.Debug|Any CPU.Build.0 = Debug|Any CPU
		{DAB4282F-50B4-4181-92FD-A08FBE28FB83}.Release|Any CPU.ActiveCfg = Release|Any CPU
		{DAB4282F-50B4-4181-92FD-A08FBE28FB83}.Release|Any CPU.Build.0 = Release|Any CPU
		{B6F6112D-335E-4767-B837-974BD24361AB}.Debug|Any CPU.ActiveCfg = Debug|Any CPU
		{B6F6112D-335E-4767-B837-974BD24361AB}.Debug|Any CPU.Build.0 = Debug|Any CPU
		{B6F6112D-335E-4767-B837-974BD24361AB}.Release|Any CPU.ActiveCfg = Release|Any CPU
		{B6F6112D-335E-4767-B837-974BD24361AB}.Release|Any CPU.Build.0 = Release|Any CPU
		{B334B401-B417-4B74-862E-1FD8709FFA9F}.Debug|Any CPU.ActiveCfg = Debug|Any CPU
		{B334B401-B417-4B74-862E-1FD8709FFA9F}.Debug|Any CPU.Build.0 = Debug|Any CPU
		{B334B401-B417-4B74-862E-1FD8709FFA9F}.Release|Any CPU.ActiveCfg = Release|Any CPU
		{B334B401-B417-4B74-862E-1FD8709FFA9F}.Release|Any CPU.Build.0 = Release|Any CPU
	EndGlobalSection
	GlobalSection(SolutionProperties) = preSolution
		HideSolutionNode = FALSE
	EndGlobalSection
EndGlobal
